
Microsoft Visual Studio Solution File, Format Version 12.00
Project("{FAE04EC0-301F-11D3-BF4B-00C04F79EFBC}") = "DatacuteFontConverter", "DatacuteFontConverter\DatacuteFontConverter.csproj", "{1B9CD909-482C-4F33-9AB0-1E667A423DFF}"
EndProject
Project("{FAE04EC0-301F-11D3-BF4B-00C04F79EFBC}") = "DatacuteFontConverterUI", "DatacuteFontConverterUI\DatacuteFontConverterUI.csproj", "{319402CF-1D13-4972-B98F-C7457DAF4B6C}"
EndProject
Global
	GlobalSection(SolutionConfigurationPlatforms) = preSolution
		Debug|Any CPU = Debug|Any CPU
		Release|Any CPU = Release|Any CPU
	EndGlobalSection
	GlobalSection(ProjectConfigurationPlatforms) = postSolution
		{1B9CD909-482C-4F33-9AB0-1E667A423DFF}.Debug|Any CPU.ActiveCfg = Debug|Any CPU
		{1B9CD909-482C-4F33-9AB0-1E667A423DFF}.Debug|Any CPU.Build.0 = Debug|Any CPU
		{1B9CD909-482C-4F33-9AB0-1E667A423DFF}.Release|Any CPU.ActiveCfg = Release|Any CPU
		{1B9CD909-482C-4F33-9AB0-1E667A423DFF}.Release|Any CPU.Build.0 = Release|Any CPU
		{319402CF-1D13-4972-B98F-C7457DAF4B6C}.Debug|Any CPU.ActiveCfg = Debug|Any CPU
		{319402CF-1D13-4972-B98F-C7457DAF4B6C}.Debug|Any CPU.Build.0 = Debug|Any CPU
		{319402CF-1D13-4972-B98F-C7457DAF4B6C}.Release|Any CPU.ActiveCfg = Release|Any CPU
		{319402CF-1D13-4972-B98F-C7457DAF4B6C}.Release|Any CPU.Build.0 = Release|Any CPU
	EndGlobalSection
EndGlobal
